
Microsoft Visual Studio Solution File, Format Version 12.00
# Visual Studio 15
VisualStudioVersion = 15.0.27130.2003
MinimumVisualStudioVersion = 10.0.40219.1
Project("{9A19103F-16F7-4668-BE54-9A1E7A4F7556}") = "01. Persons", "01. Persons\01. Persons.csproj", "{1E2ACB6A-1765-4AC5-9523-6A2E8F229195}"
EndProject
Global
	GlobalSection(SolutionConfigurationPlatforms) = preSolution
		Debug|Any CPU = Debug|Any CPU
		Release|Any CPU = Release|Any CPU
	EndGlobalSection
	GlobalSection(ProjectConfigurationPlatforms) = postSolution
		{1E2ACB6A-1765-4AC5-9523-6A2E8F229195}.Debug|Any CPU.ActiveCfg = Debug|Any CPU
		{1E2ACB6A-1765-4AC5-9523-6A2E8F229195}.Debug|Any CPU.Build.0 = Debug|Any CPU
		{1E2ACB6A-1765-4AC5-9523-6A2E8F229195}.Release|Any CPU.ActiveCfg = Release|Any CPU
		{1E2ACB6A-1765-4AC5-9523-6A2E8F229195}.Release|Any CPU.Build.0 = Release|Any CPU
	EndGlobalSection
	GlobalSection(SolutionProperties) = preSolution
		HideSolutionNode = FALSE
	EndGlobalSection
	GlobalSection(ExtensibilityGlobals) = postSolution
		SolutionGuid = {CB7BB360-23C9-4822-8ED1-EF0B7423A7D4}
	EndGlobalSection
EndGlobal
