
Microsoft Visual Studio Solution File, Format Version 12.00
# Visual Studio 15
VisualStudioVersion = 15.0.27130.2003
MinimumVisualStudioVersion = 10.0.40219.1
Project("{FAE04EC0-301F-11D3-BF4B-00C04F79EFBC}") = "02", "02\02.csproj", "{ACE5D156-A88D-428D-BB6A-C975C86582FF}"
EndProject
Project("{FAE04EC0-301F-11D3-BF4B-00C04F79EFBC}") = "03Mankind", "03Mankind\03Mankind.csproj", "{08AA7205-A99E-4326-9AB8-2AC6CF6DC20B}"
EndProject
Project("{FAE04EC0-301F-11D3-BF4B-00C04F79EFBC}") = "4.Songs", "4.Songs\4.Songs.csproj", "{02DF4358-7510-4E3E-A2E7-FCA4A1A701BA}"
EndProject
Project("{FAE04EC0-301F-11D3-BF4B-00C04F79EFBC}") = "MordorCruelPlan", "MordorCruelPlan\MordorCruelPlan.csproj", "{BF1EAB5E-2096-4EF9-B84F-2A4B9F83BEA3}"
EndProject
Global
	GlobalSection(SolutionConfigurationPlatforms) = preSolution
		Debug|Any CPU = Debug|Any CPU
		Release|Any CPU = Release|Any CPU
	EndGlobalSection
	GlobalSection(ProjectConfigurationPlatforms) = postSolution
		{ACE5D156-A88D-428D-BB6A-C975C86582FF}.Debug|Any CPU.ActiveCfg = Debug|Any CPU
		{ACE5D156-A88D-428D-BB6A-C975C86582FF}.Debug|Any CPU.Build.0 = Debug|Any CPU
		{ACE5D156-A88D-428D-BB6A-C975C86582FF}.Release|Any CPU.ActiveCfg = Release|Any CPU
		{ACE5D156-A88D-428D-BB6A-C975C86582FF}.Release|Any CPU.Build.0 = Release|Any CPU
		{08AA7205-A99E-4326-9AB8-2AC6CF6DC20B}.Debug|Any CPU.ActiveCfg = Debug|Any CPU
		{08AA7205-A99E-4326-9AB8-2AC6CF6DC20B}.Debug|Any CPU.Build.0 = Debug|Any CPU
		{08AA7205-A99E-4326-9AB8-2AC6CF6DC20B}.Release|Any CPU.ActiveCfg = Release|Any CPU
		{08AA7205-A99E-4326-9AB8-2AC6CF6DC20B}.Release|Any CPU.Build.0 = Release|Any CPU
		{02DF4358-7510-4E3E-A2E7-FCA4A1A701BA}.Debug|Any CPU.ActiveCfg = Debug|Any CPU
		{02DF4358-7510-4E3E-A2E7-FCA4A1A701BA}.Debug|Any CPU.Build.0 = Debug|Any CPU
		{02DF4358-7510-4E3E-A2E7-FCA4A1A701BA}.Release|Any CPU.ActiveCfg = Release|Any CPU
		{02DF4358-7510-4E3E-A2E7-FCA4A1A701BA}.Release|Any CPU.Build.0 = Release|Any CPU
		{BF1EAB5E-2096-4EF9-B84F-2A4B9F83BEA3}.Debug|Any CPU.ActiveCfg = Debug|Any CPU
		{BF1EAB5E-2096-4EF9-B84F-2A4B9F83BEA3}.Debug|Any CPU.Build.0 = Debug|Any CPU
		{BF1EAB5E-2096-4EF9-B84F-2A4B9F83BEA3}.Release|Any CPU.ActiveCfg = Release|Any CPU
		{BF1EAB5E-2096-4EF9-B84F-2A4B9F83BEA3}.Release|Any CPU.Build.0 = Release|Any CPU
	EndGlobalSection
	GlobalSection(SolutionProperties) = preSolution
		HideSolutionNode = FALSE
	EndGlobalSection
	GlobalSection(ExtensibilityGlobals) = postSolution
		SolutionGuid = {EC7064CD-CA5A-4FE9-A7F6-274CC6EC5814}
	EndGlobalSection
EndGlobal
